
Microsoft Visual Studio Solution File, Format Version 12.00
# Visual Studio Version 17
VisualStudioVersion = 17.6.33829.357
MinimumVisualStudioVersion = 10.0.40219.1
Project("{FAE04EC0-301F-11D3-BF4B-00C04F79EFBC}") = "CompileProgramFromTextFile", "CompileProgramFromTextFile.csproj", "{8257EA7F-2A4A-40C9-927A-D450F2490F00}"
EndProject
Global
	GlobalSection(SolutionConfigurationPlatforms) = preSolution
		Debug|Any CPU = Debug|Any CPU
		Release|Any CPU = Release|Any CPU
	EndGlobalSection
	GlobalSection(ProjectConfigurationPlatforms) = postSolution
		{8257EA7F-2A4A-40C9-927A-D450F2490F00}.Debug|Any CPU.ActiveCfg = Debug|Any CPU
		{8257EA7F-2A4A-40C9-927A-D450F2490F00}.Debug|Any CPU.Build.0 = Debug|Any CPU
		{8257EA7F-2A4A-40C9-927A-D450F2490F00}.Release|Any CPU.ActiveCfg = Release|Any CPU
		{8257EA7F-2A4A-40C9-927A-D450F2490F00}.Release|Any CPU.Build.0 = Release|Any CPU
	EndGlobalSection
	GlobalSection(SolutionProperties) = preSolution
		HideSolutionNode = FALSE
	EndGlobalSection
	GlobalSection(ExtensibilityGlobals) = postSolution
		SolutionGuid = {7C409B48-4D74-44EB-8FD1-5D538E15CF95}
	EndGlobalSection
EndGlobal
